{
    "_readme": [
        "This file locks the dependencies of your project to a known state",
        "Read more about it at https://getcomposer.org/doc/01-basic-usage.md#installing-dependencies",
        "This file is @generated automatically"
    ],
    "content-hash": "35a4ae103d1e8f0a1f2e317aa04fce7f",
    "packages": [
        {
            "name": "alkemann/debug",
            "version": "v0.4",
            "source": {
                "type": "git",
                "url": "https://github.com/alkemann/debug.git",
                "reference": "98cb0638ba39e396d3807acfc85060063e0dd788"
            },
            "dist": {
                "type": "zip",
                "url": "https://api.github.com/repos/alkemann/debug/zipball/98cb0638ba39e396d3807acfc85060063e0dd788",
                "reference": "98cb0638ba39e396d3807acfc85060063e0dd788",
                "shasum": ""
            },
            "type": "library",
            "autoload": {
                "files": [
                    "src/functions.php"
                ],
                "psr-4": {
                    "alkemann\\debug\\": "src/"
                }
            },
            "notification-url": "https://packagist.org/downloads/",
            "license": [
                "MIT"
            ],
            "authors": [
                {
                    "name": "Alexander Morland",
                    "email": "alek.morland@gmail.com"
                }
            ],
            "description": "Debug tool for dumping data, prettily",
            "support": {
                "issues": "https://github.com/alkemann/debug/issues",
                "source": "https://github.com/alkemann/debug/tree/v0.4"
            },
            "time": "2017-08-11T13:51:28+00:00"
        },
        {
            "name": "alkemann/h2l",
            "version": "v0.64.0",
            "source": {
                "type": "git",
                "url": "https://github.com/alkemann/h2l.git",
                "reference": "fc28b6b13ed428b4f02ecb2acd6efdd167b2e6ef"
            },
            "dist": {
                "type": "zip",
                "url": "https://api.github.com/repos/alkemann/h2l/zipball/fc28b6b13ed428b4f02ecb2acd6efdd167b2e6ef",
                "reference": "fc28b6b13ed428b4f02ecb2acd6efdd167b2e6ef",
                "shasum": ""
            },
            "require": {
                "php": "^8.1"
            },
            "require-dev": {
                "phpstan/phpstan": "^0.12.4",
                "phpunit/phpunit": "^9"
            },
            "suggest": {
                "alkemann/debug": "Convenient var_dump replaces for debug and development, require-dev only",
                "ext-curl": "For remote API usage",
                "ext-pdo": "For the MySql, Postgres and Sqlite Datasources."
            },
            "bin": [
                "bin/skeleton",
                "bin/testh2l"
            ],
            "type": "library",
            "autoload": {
                "psr-4": {
                    "alkemann\\h2l\\": "src/",
                    "alkemann\\h2l\\tests\\": "tests/"
                }
            },
            "notification-url": "https://packagist.org/downloads/",
            "license": [
                "MIT"
            ],
            "authors": [
                {
                    "name": "Alexander Morland",
                    "homepage": "https://github.com/alkemann"
                }
            ],
            "description": "A micro framework for websites and apis. This is a sequel of h.l, made for PHP 8",
            "homepage": "https://github.com/alkemann/h2l",
            "keywords": [
                "framework",
                "microframework",
                "php8",
                "router",
                "routing"
            ],
            "support": {
                "issues": "https://github.com/alkemann/h2l/issues",
                "source": "https://github.com/alkemann/h2l/tree/v0.64.0"
            },
            "time": "2022-07-24T13:06:28+00:00"
        }
    ],
    "packages-dev": [],
    "aliases": [],
    "minimum-stability": "stable",
    "stability-flags": [],
    "prefer-stable": false,
    "prefer-lowest": false,
    "platform": [],
    "platform-dev": [],
    "plugin-api-version": "2.3.0"
}
